
Microsoft Visual Studio Solution File, Format Version 12.00
# Visual Studio Version 17
VisualStudioVersion = 17.5.33424.131
MinimumVisualStudioVersion = 10.0.40219.1
Project("{FAE04EC0-301F-11D3-BF4B-00C04F79EFBC}") = "TugasP10", "TugasP10\TugasP10.csproj", "{BC587378-DAB5-48AB-89E6-1952E4260F1C}"
EndProject
Global
	GlobalSection(SolutionConfigurationPlatforms) = preSolution
		Debug|Any CPU = Debug|Any CPU
		Release|Any CPU = Release|Any CPU
	EndGlobalSection
	GlobalSection(ProjectConfigurationPlatforms) = postSolution
		{BC587378-DAB5-48AB-89E6-1952E4260F1C}.Debug|Any CPU.ActiveCfg = Debug|Any CPU
		{BC587378-DAB5-48AB-89E6-1952E4260F1C}.Debug|Any CPU.Build.0 = Debug|Any CPU
		{BC587378-DAB5-48AB-89E6-1952E4260F1C}.Release|Any CPU.ActiveCfg = Release|Any CPU
		{BC587378-DAB5-48AB-89E6-1952E4260F1C}.Release|Any CPU.Build.0 = Release|Any CPU
	EndGlobalSection
	GlobalSection(SolutionProperties) = preSolution
		HideSolutionNode = FALSE
	EndGlobalSection
	GlobalSection(ExtensibilityGlobals) = postSolution
		SolutionGuid = {2166A3A1-A6C3-4225-B11A-10CC2895F254}
	EndGlobalSection
EndGlobal
